// !$*UTF8*$!
{
	archiveVersion = 1;
	classes = {
	};
	objectVersion = 48;
	objects = {

/* Begin PBXBuildFile section */
		3D670F1717825E7F27E9A7E6 /* Pods_AgileMoodMarbles.framework in Frameworks */ = {isa = PBXBuildFile; fileRef = AC74F064D5F74D6F40151A63 /* Pods_AgileMoodMarbles.framework */; };
		91545C771FBD81AF00252A07 /* Caliber.swift in Sources */ = {isa = PBXBuildFile; fileRef = 91545C761FBD81AF00252A07 /* Caliber.swift */; };
		91E3987F1FA709BB0032E4CE /* AppDelegate.swift in Sources */ = {isa = PBXBuildFile; fileRef = 91E3987E1FA709BB0032E4CE /* AppDelegate.swift */; };
		91E398861FA709BB0032E4CE /* Main.storyboard in Resources */ = {isa = PBXBuildFile; fileRef = 91E398841FA709BB0032E4CE /* Main.storyboard */; };
		91E398881FA709BB0032E4CE /* Assets.xcassets in Resources */ = {isa = PBXBuildFile; fileRef = 91E398871FA709BB0032E4CE /* Assets.xcassets */; };
		91E3988B1FA709BB0032E4CE /* LaunchScreen.storyboard in Resources */ = {isa = PBXBuildFile; fileRef = 91E398891FA709BB0032E4CE /* LaunchScreen.storyboard */; };
		91E398981FA70A290032E4CE /* TabBarConfigurationViewController.swift in Sources */ = {isa = PBXBuildFile; fileRef = 91E398921FA70A290032E4CE /* TabBarConfigurationViewController.swift */; };
		91E398991FA70A290032E4CE /* CommentsTableViewController.swift in Sources */ = {isa = PBXBuildFile; fileRef = 91E398931FA70A290032E4CE /* CommentsTableViewController.swift */; };
		91E3989A1FA70A290032E4CE /* MoodsViewController.swift in Sources */ = {isa = PBXBuildFile; fileRef = 91E398941FA70A290032E4CE /* MoodsViewController.swift */; };
		91E3989B1FA70A290032E4CE /* MyButtonsLayouts.swift in Sources */ = {isa = PBXBuildFile; fileRef = 91E398951FA70A290032E4CE /* MyButtonsLayouts.swift */; };
		91E3989C1FA70A290032E4CE /* SettingsViewController.swift in Sources */ = {isa = PBXBuildFile; fileRef = 91E398961FA70A290032E4CE /* SettingsViewController.swift */; };
		91E3989D1FA70A290032E4CE /* CustomTableViewCell.swift in Sources */ = {isa = PBXBuildFile; fileRef = 91E398971FA70A290032E4CE /* CustomTableViewCell.swift */; };
		91E398A11FA70C080032E4CE /* green_smiley.png in Resources */ = {isa = PBXBuildFile; fileRef = 91E3989E1FA70C070032E4CE /* green_smiley.png */; };
		91E398A21FA70C080032E4CE /* red_smiley.png in Resources */ = {isa = PBXBuildFile; fileRef = 91E3989F1FA70C080032E4CE /* red_smiley.png */; };
		91E398A31FA70C080032E4CE /* yellow_smiley.png in Resources */ = {isa = PBXBuildFile; fileRef = 91E398A01FA70C080032E4CE /* yellow_smiley.png */; };
		91E398A51FA70C460032E4CE /* moodmarbles.png in Resources */ = {isa = PBXBuildFile; fileRef = 91E398A41FA70C450032E4CE /* moodmarbles.png */; };
		91E398A91FA724CB0032E4CE /* ChartViewController.swift in Sources */ = {isa = PBXBuildFile; fileRef = 91E398A81FA724CB0032E4CE /* ChartViewController.swift */; };
/* End PBXBuildFile section */

/* Begin PBXCopyFilesBuildPhase section */
		914F0C3F1FCEEFA00082B1CD /* Embed Frameworks */ = {
			isa = PBXCopyFilesBuildPhase;
			buildActionMask = 2147483647;
			dstPath = "";
			dstSubfolderSpec = 10;
			files = (
			);
			name = "Embed Frameworks";
			runOnlyForDeploymentPostprocessing = 0;
		};
/* End PBXCopyFilesBuildPhase section */

/* Begin PBXFileReference section */
		49168936314143D14561DA62 /* Pods-AgileMoodMarbles.release.xcconfig */ = {isa = PBXFileReference; includeInIndex = 1; lastKnownFileType = text.xcconfig; name = "Pods-AgileMoodMarbles.release.xcconfig"; path = "Pods/Target Support Files/Pods-AgileMoodMarbles/Pods-AgileMoodMarbles.release.xcconfig"; sourceTree = "<group>"; };
		91545C761FBD81AF00252A07 /* Caliber.swift */ = {isa = PBXFileReference; lastKnownFileType = sourcecode.swift; path = Caliber.swift; sourceTree = "<group>"; };
		91E3987B1FA709BB0032E4CE /* AgileMoodMarbles.app */ = {isa = PBXFileReference; explicitFileType = wrapper.application; includeInIndex = 0; path = AgileMoodMarbles.app; sourceTree = BUILT_PRODUCTS_DIR; };
		91E3987E1FA709BB0032E4CE /* AppDelegate.swift */ = {isa = PBXFileReference; lastKnownFileType = sourcecode.swift; path = AppDelegate.swift; sourceTree = "<group>"; };
		91E398851FA709BB0032E4CE /* Base */ = {isa = PBXFileReference; lastKnownFileType = file.storyboard; name = Base; path = Base.lproj/Main.storyboard; sourceTree = "<group>"; };
		91E398871FA709BB0032E4CE /* Assets.xcassets */ = {isa = PBXFileReference; lastKnownFileType = folder.assetcatalog; path = Assets.xcassets; sourceTree = "<group>"; };
		91E3988A1FA709BB0032E4CE /* Base */ = {isa = PBXFileReference; lastKnownFileType = file.storyboard; name = Base; path = Base.lproj/LaunchScreen.storyboard; sourceTree = "<group>"; };
		91E3988C1FA709BB0032E4CE /* Info.plist */ = {isa = PBXFileReference; lastKnownFileType = text.plist.xml; path = Info.plist; sourceTree = "<group>"; };
		91E398921FA70A290032E4CE /* TabBarConfigurationViewController.swift */ = {isa = PBXFileReference; fileEncoding = 4; lastKnownFileType = sourcecode.swift; path = TabBarConfigurationViewController.swift; sourceTree = "<group>"; };
		91E398931FA70A290032E4CE /* CommentsTableViewController.swift */ = {isa = PBXFileReference; fileEncoding = 4; lastKnownFileType = sourcecode.swift; path = CommentsTableViewController.swift; sourceTree = "<group>"; };
		91E398941FA70A290032E4CE /* MoodsViewController.swift */ = {isa = PBXFileReference; fileEncoding = 4; lastKnownFileType = sourcecode.swift; path = MoodsViewController.swift; sourceTree = "<group>"; };
		91E398951FA70A290032E4CE /* MyButtonsLayouts.swift */ = {isa = PBXFileReference; fileEncoding = 4; lastKnownFileType = sourcecode.swift; path = MyButtonsLayouts.swift; sourceTree = "<group>"; };
		91E398961FA70A290032E4CE /* SettingsViewController.swift */ = {isa = PBXFileReference; fileEncoding = 4; lastKnownFileType = sourcecode.swift; path = SettingsViewController.swift; sourceTree = "<group>"; };
		91E398971FA70A290032E4CE /* CustomTableViewCell.swift */ = {isa = PBXFileReference; fileEncoding = 4; lastKnownFileType = sourcecode.swift; path = CustomTableViewCell.swift; sourceTree = "<group>"; };
		91E3989E1FA70C070032E4CE /* green_smiley.png */ = {isa = PBXFileReference; lastKnownFileType = image.png; path = green_smiley.png; sourceTree = "<group>"; };
		91E3989F1FA70C080032E4CE /* red_smiley.png */ = {isa = PBXFileReference; lastKnownFileType = image.png; path = red_smiley.png; sourceTree = "<group>"; };
		91E398A01FA70C080032E4CE /* yellow_smiley.png */ = {isa = PBXFileReference; lastKnownFileType = image.png; path = yellow_smiley.png; sourceTree = "<group>"; };
		91E398A41FA70C450032E4CE /* moodmarbles.png */ = {isa = PBXFileReference; lastKnownFileType = image.png; path = moodmarbles.png; sourceTree = "<group>"; };
		91E398A81FA724CB0032E4CE /* ChartViewController.swift */ = {isa = PBXFileReference; lastKnownFileType = sourcecode.swift; path = ChartViewController.swift; sourceTree = "<group>"; };
		AC74F064D5F74D6F40151A63 /* Pods_AgileMoodMarbles.framework */ = {isa = PBXFileReference; explicitFileType = wrapper.framework; includeInIndex = 0; path = Pods_AgileMoodMarbles.framework; sourceTree = BUILT_PRODUCTS_DIR; };
		FC20AFD3FFF5847A5E6C9B56 /* Pods-AgileMoodMarbles.debug.xcconfig */ = {isa = PBXFileReference; includeInIndex = 1; lastKnownFileType = text.xcconfig; name = "Pods-AgileMoodMarbles.debug.xcconfig"; path = "Pods/Target Support Files/Pods-AgileMoodMarbles/Pods-AgileMoodMarbles.debug.xcconfig"; sourceTree = "<group>"; };
/* End PBXFileReference section */

/* Begin PBXFrameworksBuildPhase section */
		91E398781FA709BB0032E4CE /* Frameworks */ = {
			isa = PBXFrameworksBuildPhase;
			buildActionMask = 2147483647;
			files = (
				3D670F1717825E7F27E9A7E6 /* Pods_AgileMoodMarbles.framework in Frameworks */,
			);
			runOnlyForDeploymentPostprocessing = 0;
		};
/* End PBXFrameworksBuildPhase section */

/* Begin PBXGroup section */
		91E398721FA709BB0032E4CE = {
			isa = PBXGroup;
			children = (
				91E3987D1FA709BB0032E4CE /* AgileMoodMarbles */,
				91E3987C1FA709BB0032E4CE /* Products */,
				91E3989E1FA70C070032E4CE /* green_smiley.png */,
				91E3989F1FA70C080032E4CE /* red_smiley.png */,
				91E398A01FA70C080032E4CE /* yellow_smiley.png */,
				91E398A41FA70C450032E4CE /* moodmarbles.png */,
				995E6E5A3EA3093890FD0138 /* Pods */,
				C07E6E7659163CCBDACFA197 /* Frameworks */,
			);
			sourceTree = "<group>";
		};
		91E3987C1FA709BB0032E4CE /* Products */ = {
			isa = PBXGroup;
			children = (
				91E3987B1FA709BB0032E4CE /* AgileMoodMarbles.app */,
			);
			name = Products;
			sourceTree = "<group>";
		};
		91E3987D1FA709BB0032E4CE /* AgileMoodMarbles */ = {
			isa = PBXGroup;
			children = (
				91E3988C1FA709BB0032E4CE /* Info.plist */,
				91E398891FA709BB0032E4CE /* LaunchScreen.storyboard */,
				91E398841FA709BB0032E4CE /* Main.storyboard */,
				91E3987E1FA709BB0032E4CE /* AppDelegate.swift */,
				91545C761FBD81AF00252A07 /* Caliber.swift */,
				91E398A81FA724CB0032E4CE /* ChartViewController.swift */,
				91E398931FA70A290032E4CE /* CommentsTableViewController.swift */,
				91E398971FA70A290032E4CE /* CustomTableViewCell.swift */,
				91E398941FA70A290032E4CE /* MoodsViewController.swift */,
				91E398951FA70A290032E4CE /* MyButtonsLayouts.swift */,
				91E398961FA70A290032E4CE /* SettingsViewController.swift */,
				91E398921FA70A290032E4CE /* TabBarConfigurationViewController.swift */,
				91E398871FA709BB0032E4CE /* Assets.xcassets */,
			);
			path = AgileMoodMarbles;
			sourceTree = "<group>";
		};
		995E6E5A3EA3093890FD0138 /* Pods */ = {
			isa = PBXGroup;
			children = (
				FC20AFD3FFF5847A5E6C9B56 /* Pods-AgileMoodMarbles.debug.xcconfig */,
				49168936314143D14561DA62 /* Pods-AgileMoodMarbles.release.xcconfig */,
			);
			name = Pods;
			sourceTree = "<group>";
		};
		C07E6E7659163CCBDACFA197 /* Frameworks */ = {
			isa = PBXGroup;
			children = (
				AC74F064D5F74D6F40151A63 /* Pods_AgileMoodMarbles.framework */,
			);
			name = Frameworks;
			sourceTree = "<group>";
		};
/* End PBXGroup section */

/* Begin PBXNativeTarget section */
		91E3987A1FA709BB0032E4CE /* AgileMoodMarbles */ = {
			isa = PBXNativeTarget;
			buildConfigurationList = 91E3988F1FA709BB0032E4CE /* Build configuration list for PBXNativeTarget "AgileMoodMarbles" */;
			buildPhases = (
				1D34A0CD77FF982DB1F8EF5F /* [CP] Check Pods Manifest.lock */,
				91E398771FA709BB0032E4CE /* Sources */,
				91E398781FA709BB0032E4CE /* Frameworks */,
				91E398791FA709BB0032E4CE /* Resources */,
				2E64AEF0CC750CA12AF80BE3 /* [CP] Embed Pods Frameworks */,
				C70549CD8ED58D0799B444E3 /* [CP] Copy Pods Resources */,
				914F0C3F1FCEEFA00082B1CD /* Embed Frameworks */,
			);
			buildRules = (
			);
			dependencies = (
			);
			name = AgileMoodMarbles;
			productName = AgileMoodMarbles;
			productReference = 91E3987B1FA709BB0032E4CE /* AgileMoodMarbles.app */;
			productType = "com.apple.product-type.application";
		};
/* End PBXNativeTarget section */

/* Begin PBXProject section */
		91E398731FA709BB0032E4CE /* Project object */ = {
			isa = PBXProject;
			attributes = {
				LastSwiftUpdateCheck = 0900;
				LastUpgradeCheck = 0940;
				ORGANIZATIONNAME = "Marco D'Agostino";
				TargetAttributes = {
					91E3987A1FA709BB0032E4CE = {
						CreatedOnToolsVersion = 9.0.1;
						LastSwiftMigration = 0910;
						ProvisioningStyle = Manual;
					};
				};
			};
			buildConfigurationList = 91E398761FA709BB0032E4CE /* Build configuration list for PBXProject "AgileMoodMarbles" */;
			compatibilityVersion = "Xcode 8.0";
			developmentRegion = en;
			hasScannedForEncodings = 0;
			knownRegions = (
				en,
				Base,
			);
			mainGroup = 91E398721FA709BB0032E4CE;
			productRefGroup = 91E3987C1FA709BB0032E4CE /* Products */;
			projectDirPath = "";
			projectRoot = "";
			targets = (
				91E3987A1FA709BB0032E4CE /* AgileMoodMarbles */,
			);
		};
/* End PBXProject section */

/* Begin PBXResourcesBuildPhase section */
		91E398791FA709BB0032E4CE /* Resources */ = {
			isa = PBXResourcesBuildPhase;
			buildActionMask = 2147483647;
			files = (
				91E3988B1FA709BB0032E4CE /* LaunchScreen.storyboard in Resources */,
				91E398A51FA70C460032E4CE /* moodmarbles.png in Resources */,
				91E398A21FA70C080032E4CE /* red_smiley.png in Resources */,
				91E398A31FA70C080032E4CE /* yellow_smiley.png in Resources */,
				91E398881FA709BB0032E4CE /* Assets.xcassets in Resources */,
				91E398A11FA70C080032E4CE /* green_smiley.png in Resources */,
				91E398861FA709BB0032E4CE /* Main.storyboard in Resources */,
			);
			runOnlyForDeploymentPostprocessing = 0;
		};
/* End PBXResourcesBuildPhase section */

/* Begin PBXShellScriptBuildPhase section */
		1D34A0CD77FF982DB1F8EF5F /* [CP] Check Pods Manifest.lock */ = {
			isa = PBXShellScriptBuildPhase;
			buildActionMask = 2147483647;
			files = (
			);
			inputPaths = (
				"${PODS_PODFILE_DIR_PATH}/Podfile.lock",
				"${PODS_ROOT}/Manifest.lock",
			);
			name = "[CP] Check Pods Manifest.lock";
			outputPaths = (
				"$(DERIVED_FILE_DIR)/Pods-AgileMoodMarbles-checkManifestLockResult.txt",
			);
			runOnlyForDeploymentPostprocessing = 0;
			shellPath = /bin/sh;
			shellScript = "diff \"${PODS_PODFILE_DIR_PATH}/Podfile.lock\" \"${PODS_ROOT}/Manifest.lock\" > /dev/null\nif [ $? != 0 ] ; then\n    # print error to STDERR\n    echo \"error: The sandbox is not in sync with the Podfile.lock. Run 'pod install' or update your CocoaPods installation.\" >&2\n    exit 1\nfi\n# This output is used by Xcode 'outputs' to avoid re-running this script phase.\necho \"SUCCESS\" > \"${SCRIPT_OUTPUT_FILE_0}\"\n";
			showEnvVarsInLog = 0;
		};
		2E64AEF0CC750CA12AF80BE3 /* [CP] Embed Pods Frameworks */ = {
			isa = PBXShellScriptBuildPhase;
			buildActionMask = 2147483647;
			files = (
			);
			inputPaths = (
				"${SRCROOT}/Pods/Target Support Files/Pods-AgileMoodMarbles/Pods-AgileMoodMarbles-frameworks.sh",
				"${BUILT_PRODUCTS_DIR}/Charts/Charts.framework",
			);
			name = "[CP] Embed Pods Frameworks";
			outputPaths = (
				"${TARGET_BUILD_DIR}/${FRAMEWORKS_FOLDER_PATH}/Charts.framework",
			);
			runOnlyForDeploymentPostprocessing = 0;
			shellPath = /bin/sh;
			shellScript = "\"${SRCROOT}/Pods/Target Support Files/Pods-AgileMoodMarbles/Pods-AgileMoodMarbles-frameworks.sh\"\n";
			showEnvVarsInLog = 0;
		};
		C70549CD8ED58D0799B444E3 /* [CP] Copy Pods Resources */ = {
			isa = PBXShellScriptBuildPhase;
			buildActionMask = 2147483647;
			files = (
			);
			inputPaths = (
			);
			name = "[CP] Copy Pods Resources";
			outputPaths = (
			);
			runOnlyForDeploymentPostprocessing = 0;
			shellPath = /bin/sh;
			shellScript = "\"${SRCROOT}/Pods/Target Support Files/Pods-AgileMoodMarbles/Pods-AgileMoodMarbles-resources.sh\"\n";
			showEnvVarsInLog = 0;
		};
/* End PBXShellScriptBuildPhase section */

/* Begin PBXSourcesBuildPhase section */
		91E398771FA709BB0032E4CE /* Sources */ = {
			isa = PBXSourcesBuildPhase;
			buildActionMask = 2147483647;
			files = (
				91E3989D1FA70A290032E4CE /* CustomTableViewCell.swift in Sources */,
				91E398991FA70A290032E4CE /* CommentsTableViewController.swift in Sources */,
				91E3989B1FA70A290032E4CE /* MyButtonsLayouts.swift in Sources */,
				91E398981FA70A290032E4CE /* TabBarConfigurationViewController.swift in Sources */,
				91E398A91FA724CB0032E4CE /* ChartViewController.swift in Sources */,
				91545C771FBD81AF00252A07 /* Caliber.swift in Sources */,
				91E3989A1FA70A290032E4CE /* MoodsViewController.swift in Sources */,
				91E3987F1FA709BB0032E4CE /* AppDelegate.swift in Sources */,
				91E3989C1FA70A290032E4CE /* SettingsViewController.swift in Sources */,
			);
			runOnlyForDeploymentPostprocessing = 0;
		};
/* End PBXSourcesBuildPhase section */

/* Begin PBXVariantGroup section */
		91E398841FA709BB0032E4CE /* Main.storyboard */ = {
			isa = PBXVariantGroup;
			children = (
				91E398851FA709BB0032E4CE /* Base */,
			);
			name = Main.storyboard;
			sourceTree = "<group>";
		};
		91E398891FA709BB0032E4CE /* LaunchScreen.storyboard */ = {
			isa = PBXVariantGroup;
			children = (
				91E3988A1FA709BB0032E4CE /* Base */,
			);
			name = LaunchScreen.storyboard;
			sourceTree = "<group>";
		};
/* End PBXVariantGroup section */

/* Begin XCBuildConfiguration section */
		91E3988D1FA709BB0032E4CE /* Debug */ = {
			isa = XCBuildConfiguration;
			buildSettings = {
				ALWAYS_SEARCH_USER_PATHS = NO;
				CLANG_ANALYZER_NONNULL = YES;
				CLANG_ANALYZER_NUMBER_OBJECT_CONVERSION = YES_AGGRESSIVE;
				CLANG_CXX_LANGUAGE_STANDARD = "gnu++14";
				CLANG_CXX_LIBRARY = "libc++";
				CLANG_ENABLE_MODULES = YES;
				CLANG_ENABLE_OBJC_ARC = YES;
				CLANG_WARN_BLOCK_CAPTURE_AUTORELEASING = YES;
				CLANG_WARN_BOOL_CONVERSION = YES;
				CLANG_WARN_COMMA = YES;
				CLANG_WARN_CONSTANT_CONVERSION = YES;
				CLANG_WARN_DEPRECATED_OBJC_IMPLEMENTATIONS = YES;
				CLANG_WARN_DIRECT_OBJC_ISA_USAGE = YES_ERROR;
				CLANG_WARN_DOCUMENTATION_COMMENTS = YES;
				CLANG_WARN_EMPTY_BODY = YES;
				CLANG_WARN_ENUM_CONVERSION = YES;
				CLANG_WARN_INFINITE_RECURSION = YES;
				CLANG_WARN_INT_CONVERSION = YES;
				CLANG_WARN_NON_LITERAL_NULL_CONVERSION = YES;
				CLANG_WARN_OBJC_IMPLICIT_RETAIN_SELF = YES;
				CLANG_WARN_OBJC_LITERAL_CONVERSION = YES;
				CLANG_WARN_OBJC_ROOT_CLASS = YES_ERROR;
				CLANG_WARN_RANGE_LOOP_ANALYSIS = YES;
				CLANG_WARN_STRICT_PROTOTYPES = YES;
				CLANG_WARN_SUSPICIOUS_MOVE = YES;
				CLANG_WARN_UNGUARDED_AVAILABILITY = YES_AGGRESSIVE;
				CLANG_WARN_UNREACHABLE_CODE = YES;
				CLANG_WARN__DUPLICATE_METHOD_MATCH = YES;
				CODE_SIGN_IDENTITY = "iPhone Developer";
				COPY_PHASE_STRIP = NO;
				DEBUG_INFORMATION_FORMAT = dwarf;
				ENABLE_STRICT_OBJC_MSGSEND = YES;
				ENABLE_TESTABILITY = YES;
				GCC_C_LANGUAGE_STANDARD = gnu11;
				GCC_DYNAMIC_NO_PIC = NO;
				GCC_NO_COMMON_BLOCKS = YES;
				GCC_OPTIMIZATION_LEVEL = 0;
				GCC_PREPROCESSOR_DEFINITIONS = (
					"DEBUG=1",
					"$(inherited)",
				);
				GCC_WARN_64_TO_32_BIT_CONVERSION = YES;
				GCC_WARN_ABOUT_RETURN_TYPE = YES_ERROR;
				GCC_WARN_UNDECLARED_SELECTOR = YES;
				GCC_WARN_UNINITIALIZED_AUTOS = YES_AGGRESSIVE;
				GCC_WARN_UNUSED_FUNCTION = YES;
				GCC_WARN_UNUSED_VARIABLE = YES;
				IPHONEOS_DEPLOYMENT_TARGET = 11.0;
				MTL_ENABLE_DEBUG_INFO = YES;
				ONLY_ACTIVE_ARCH = YES;
				PROVISIONING_PROFILE_SPECIFIER = "IBM CIO Distribution Wildcard";
				SDKROOT = iphoneos;
				SWIFT_ACTIVE_COMPILATION_CONDITIONS = DEBUG;
				SWIFT_OPTIMIZATION_LEVEL = "-Onone";
				SWIFT_VERSION = 4.0;
				TARGETED_DEVICE_FAMILY = "1,2";
			};
			name = Debug;
		};
		91E3988E1FA709BB0032E4CE /* Release */ = {
			isa = XCBuildConfiguration;
			buildSettings = {
				ALWAYS_SEARCH_USER_PATHS = NO;
				CLANG_ANALYZER_NONNULL = YES;
				CLANG_ANALYZER_NUMBER_OBJECT_CONVERSION = YES_AGGRESSIVE;
				CLANG_CXX_LANGUAGE_STANDARD = "gnu++14";
				CLANG_CXX_LIBRARY = "libc++";
				CLANG_ENABLE_MODULES = YES;
				CLANG_ENABLE_OBJC_ARC = YES;
				CLANG_WARN_BLOCK_CAPTURE_AUTORELEASING = YES;
				CLANG_WARN_BOOL_CONVERSION = YES;
				CLANG_WARN_COMMA = YES;
				CLANG_WARN_CONSTANT_CONVERSION = YES;
				CLANG_WARN_DEPRECATED_OBJC_IMPLEMENTATIONS = YES;
				CLANG_WARN_DIRECT_OBJC_ISA_USAGE = YES_ERROR;
				CLANG_WARN_DOCUMENTATION_COMMENTS = YES;
				CLANG_WARN_EMPTY_BODY = YES;
				CLANG_WARN_ENUM_CONVERSION = YES;
				CLANG_WARN_INFINITE_RECURSION = YES;
				CLANG_WARN_INT_CONVERSION = YES;
				CLANG_WARN_NON_LITERAL_NULL_CONVERSION = YES;
				CLANG_WARN_OBJC_IMPLICIT_RETAIN_SELF = YES;
				CLANG_WARN_OBJC_LITERAL_CONVERSION = YES;
				CLANG_WARN_OBJC_ROOT_CLASS = YES_ERROR;
				CLANG_WARN_RANGE_LOOP_ANALYSIS = YES;
				CLANG_WARN_STRICT_PROTOTYPES = YES;
				CLANG_WARN_SUSPICIOUS_MOVE = YES;
				CLANG_WARN_UNGUARDED_AVAILABILITY = YES_AGGRESSIVE;
				CLANG_WARN_UNREACHABLE_CODE = YES;
				CLANG_WARN__DUPLICATE_METHOD_MATCH = YES;
				CODE_SIGN_IDENTITY = "iPhone Developer";
				COPY_PHASE_STRIP = NO;
				DEBUG_INFORMATION_FORMAT = "dwarf-with-dsym";
				ENABLE_NS_ASSERTIONS = NO;
				ENABLE_STRICT_OBJC_MSGSEND = YES;
				GCC_C_LANGUAGE_STANDARD = gnu11;
				GCC_NO_COMMON_BLOCKS = YES;
				GCC_WARN_64_TO_32_BIT_CONVERSION = YES;
				GCC_WARN_ABOUT_RETURN_TYPE = YES_ERROR;
				GCC_WARN_UNDECLARED_SELECTOR = YES;
				GCC_WARN_UNINITIALIZED_AUTOS = YES_AGGRESSIVE;
				GCC_WARN_UNUSED_FUNCTION = YES;
				GCC_WARN_UNUSED_VARIABLE = YES;
				IPHONEOS_DEPLOYMENT_TARGET = 11.0;
				MTL_ENABLE_DEBUG_INFO = NO;
				PROVISIONING_PROFILE_SPECIFIER = "IBM CIO Distribution Wildcard";
				SDKROOT = iphoneos;
				SWIFT_OPTIMIZATION_LEVEL = "-Owholemodule";
				SWIFT_VERSION = 4.0;
				TARGETED_DEVICE_FAMILY = "1,2";
				VALIDATE_PRODUCT = YES;
			};
			name = Release;
		};
		91E398901FA709BB0032E4CE /* Debug */ = {
			isa = XCBuildConfiguration;
			baseConfigurationReference = FC20AFD3FFF5847A5E6C9B56 /* Pods-AgileMoodMarbles.debug.xcconfig */;
			buildSettings = {
				ASSETCATALOG_COMPILER_APPICON_NAME = AppIcon;
				CODE_SIGN_STYLE = Manual;
				DEVELOPMENT_TEAM = "";
				FRAMEWORK_SEARCH_PATHS = (
					"$(inherited)",
					"$(PROJECT_DIR)",
				);
				INFOPLIST_FILE = AgileMoodMarbles/Info.plist;
				IPHONEOS_DEPLOYMENT_TARGET = 11.0;
				LD_RUNPATH_SEARCH_PATHS = "$(inherited) @executable_path/Frameworks";
				PRODUCT_BUNDLE_IDENTIFIER = com.ibm.cio.be.marcodago.AgileMoodMarbles;
				PRODUCT_NAME = "$(TARGET_NAME)";
				PROVISIONING_PROFILE_SPECIFIER = "IBM CIO Distribution Wildcard";
				SWIFT_VERSION = 4.0;
				TARGETED_DEVICE_FAMILY = "1,2";
			};
			name = Debug;
		};
		91E398911FA709BB0032E4CE /* Release */ = {
			isa = XCBuildConfiguration;
			baseConfigurationReference = 49168936314143D14561DA62 /* Pods-AgileMoodMarbles.release.xcconfig */;
			buildSettings = {
				ASSETCATALOG_COMPILER_APPICON_NAME = AppIcon;
				CODE_SIGN_STYLE = Manual;
				DEVELOPMENT_TEAM = "";
				FRAMEWORK_SEARCH_PATHS = (
					"$(inherited)",
					"$(PROJECT_DIR)",
				);
				INFOPLIST_FILE = AgileMoodMarbles/Info.plist;
				IPHONEOS_DEPLOYMENT_TARGET = 11.0;
				LD_RUNPATH_SEARCH_PATHS = "$(inherited) @executable_path/Frameworks";
				PRODUCT_BUNDLE_IDENTIFIER = com.ibm.cio.be.marcodago.AgileMoodMarbles;
				PRODUCT_NAME = "$(TARGET_NAME)";
				PROVISIONING_PROFILE_SPECIFIER = "IBM CIO Distribution Wildcard";
				SWIFT_VERSION = 4.0;
				TARGETED_DEVICE_FAMILY = "1,2";
			};
			name = Release;
		};
/* End XCBuildConfiguration section */

/* Begin XCConfigurationList section */
		91E398761FA709BB0032E4CE /* Build configuration list for PBXProject "AgileMoodMarbles" */ = {
			isa = XCConfigurationList;
			buildConfigurations = (
				91E3988D1FA709BB0032E4CE /* Debug */,
				91E3988E1FA709BB0032E4CE /* Release */,
			);
			defaultConfigurationIsVisible = 0;
			defaultConfigurationName = Release;
		};
		91E3988F1FA709BB0032E4CE /* Build configuration list for PBXNativeTarget "AgileMoodMarbles" */ = {
			isa = XCConfigurationList;
			buildConfigurations = (
				91E398901FA709BB0032E4CE /* Debug */,
				91E398911FA709BB0032E4CE /* Release */,
			);
			defaultConfigurationIsVisible = 0;
			defaultConfigurationName = Release;
		};
/* End XCConfigurationList section */
	};
	rootObject = 91E398731FA709BB0032E4CE /* Project object */;
}
